// !$*UTF8*$!
{
	archiveVersion = 1;
	classes = {
	};
	objectVersion = 50;
	objects = {

/* Begin PBXBuildFile section */
		5D657E3727BBBF0500832097 /* AppDelegate.swift in Sources */ = {isa = PBXBuildFile; fileRef = 5D657E3627BBBF0500832097 /* AppDelegate.swift */; };
		5D657E3927BBBF0500832097 /* SceneDelegate.swift in Sources */ = {isa = PBXBuildFile; fileRef = 5D657E3827BBBF0500832097 /* SceneDelegate.swift */; };
		5D657E3E27BBBF0500832097 /* Main.storyboard in Resources */ = {isa = PBXBuildFile; fileRef = 5D657E3C27BBBF0500832097 /* Main.storyboard */; };
		5D657E4027BBBF0800832097 /* Assets.xcassets in Resources */ = {isa = PBXBuildFile; fileRef = 5D657E3F27BBBF0800832097 /* Assets.xcassets */; };
		5D657E4327BBBF0800832097 /* LaunchScreen.storyboard in Resources */ = {isa = PBXBuildFile; fileRef = 5D657E4127BBBF0800832097 /* LaunchScreen.storyboard */; };
		5D657E4F27BBC79700832097 /* IPL.xcdatamodeld in Sources */ = {isa = PBXBuildFile; fileRef = 5D657E4D27BBC79700832097 /* IPL.xcdatamodeld */; };
		5D657E5127BC02BE00832097 /* CoreDataManager.swift in Sources */ = {isa = PBXBuildFile; fileRef = 5D657E5027BC02BE00832097 /* CoreDataManager.swift */; };
		5D657E5327BC085E00832097 /* teams.json in Resources */ = {isa = PBXBuildFile; fileRef = 5D657E5227BC085E00832097 /* teams.json */; };
		5D657E5527BC113B00832097 /* TeamData.swift in Sources */ = {isa = PBXBuildFile; fileRef = 5D657E5427BC113B00832097 /* TeamData.swift */; };
		5D657E5A27BC199800832097 /* TeamsViewController.swift in Sources */ = {isa = PBXBuildFile; fileRef = 5D657E5927BC199800832097 /* TeamsViewController.swift */; };
		5D657E5C27BC1C1300832097 /* TeamsViewModel.swift in Sources */ = {isa = PBXBuildFile; fileRef = 5D657E5B27BC1C1300832097 /* TeamsViewModel.swift */; };
		5D657E6027BC257900832097 /* TeamCell.swift in Sources */ = {isa = PBXBuildFile; fileRef = 5D657E5E27BC257900832097 /* TeamCell.swift */; };
		5D657E6127BC257900832097 /* TeamCell.xib in Resources */ = {isa = PBXBuildFile; fileRef = 5D657E5F27BC257900832097 /* TeamCell.xib */; };
		5D657E6327BC332300832097 /* Utils.swift in Sources */ = {isa = PBXBuildFile; fileRef = 5D657E6227BC332300832097 /* Utils.swift */; };
		5D657E6527BC3F9800832097 /* SimulateViewController.swift in Sources */ = {isa = PBXBuildFile; fileRef = 5D657E6427BC3F9800832097 /* SimulateViewController.swift */; };
		5D88CBB027BCD358002EC0AE /* Match.swift in Sources */ = {isa = PBXBuildFile; fileRef = 5D88CBAF27BCD358002EC0AE /* Match.swift */; };
		5D88CBB227BCD3FF002EC0AE /* Winners.swift in Sources */ = {isa = PBXBuildFile; fileRef = 5D88CBB127BCD3FF002EC0AE /* Winners.swift */; };
		5D88CBB427BCDD43002EC0AE /* MatchViewModel.swift in Sources */ = {isa = PBXBuildFile; fileRef = 5D88CBB327BCDD43002EC0AE /* MatchViewModel.swift */; };
		5D88CBB927BCE0FF002EC0AE /* MatchCell.swift in Sources */ = {isa = PBXBuildFile; fileRef = 5D88CBB727BCE0FF002EC0AE /* MatchCell.swift */; };
		5D88CBBA27BCE0FF002EC0AE /* MatchCell.xib in Resources */ = {isa = PBXBuildFile; fileRef = 5D88CBB827BCE0FF002EC0AE /* MatchCell.xib */; };
		5D88CBBC27BD4B6A002EC0AE /* ResultViewController.swift in Sources */ = {isa = PBXBuildFile; fileRef = 5D88CBBB27BD4B6A002EC0AE /* ResultViewController.swift */; };
		5D88CBBF27BD73F9002EC0AE /* ResultCell.swift in Sources */ = {isa = PBXBuildFile; fileRef = 5D88CBBD27BD73F9002EC0AE /* ResultCell.swift */; };
		5D88CBC027BD73F9002EC0AE /* ResultCell.xib in Resources */ = {isa = PBXBuildFile; fileRef = 5D88CBBE27BD73F9002EC0AE /* ResultCell.xib */; };
/* End PBXBuildFile section */

/* Begin PBXFileReference section */
		5D657E3327BBBF0500832097 /* IPL.app */ = {isa = PBXFileReference; explicitFileType = wrapper.application; includeInIndex = 0; path = IPL.app; sourceTree = BUILT_PRODUCTS_DIR; };
		5D657E3627BBBF0500832097 /* AppDelegate.swift */ = {isa = PBXFileReference; lastKnownFileType = sourcecode.swift; path = AppDelegate.swift; sourceTree = "<group>"; };
		5D657E3827BBBF0500832097 /* SceneDelegate.swift */ = {isa = PBXFileReference; lastKnownFileType = sourcecode.swift; path = SceneDelegate.swift; sourceTree = "<group>"; };
		5D657E3D27BBBF0500832097 /* Base */ = {isa = PBXFileReference; lastKnownFileType = file.storyboard; name = Base; path = Base.lproj/Main.storyboard; sourceTree = "<group>"; };
		5D657E3F27BBBF0800832097 /* Assets.xcassets */ = {isa = PBXFileReference; lastKnownFileType = folder.assetcatalog; path = Assets.xcassets; sourceTree = "<group>"; };
		5D657E4227BBBF0800832097 /* Base */ = {isa = PBXFileReference; lastKnownFileType = file.storyboard; name = Base; path = Base.lproj/LaunchScreen.storyboard; sourceTree = "<group>"; };
		5D657E4427BBBF0800832097 /* Info.plist */ = {isa = PBXFileReference; lastKnownFileType = text.plist.xml; path = Info.plist; sourceTree = "<group>"; };
		5D657E4E27BBC79700832097 /* IPL.xcdatamodel */ = {isa = PBXFileReference; lastKnownFileType = wrapper.xcdatamodel; path = IPL.xcdatamodel; sourceTree = "<group>"; };
		5D657E5027BC02BE00832097 /* CoreDataManager.swift */ = {isa = PBXFileReference; lastKnownFileType = sourcecode.swift; path = CoreDataManager.swift; sourceTree = "<group>"; };
		5D657E5227BC085E00832097 /* teams.json */ = {isa = PBXFileReference; lastKnownFileType = text.json; path = teams.json; sourceTree = "<group>"; };
		5D657E5427BC113B00832097 /* TeamData.swift */ = {isa = PBXFileReference; lastKnownFileType = sourcecode.swift; path = TeamData.swift; sourceTree = "<group>"; };
		5D657E5927BC199800832097 /* TeamsViewController.swift */ = {isa = PBXFileReference; lastKnownFileType = sourcecode.swift; path = TeamsViewController.swift; sourceTree = "<group>"; };
		5D657E5B27BC1C1300832097 /* TeamsViewModel.swift */ = {isa = PBXFileReference; lastKnownFileType = sourcecode.swift; path = TeamsViewModel.swift; sourceTree = "<group>"; };
		5D657E5E27BC257900832097 /* TeamCell.swift */ = {isa = PBXFileReference; lastKnownFileType = sourcecode.swift; path = TeamCell.swift; sourceTree = "<group>"; };
		5D657E5F27BC257900832097 /* TeamCell.xib */ = {isa = PBXFileReference; lastKnownFileType = file.xib; path = TeamCell.xib; sourceTree = "<group>"; };
		5D657E6227BC332300832097 /* Utils.swift */ = {isa = PBXFileReference; lastKnownFileType = sourcecode.swift; path = Utils.swift; sourceTree = "<group>"; };
		5D657E6427BC3F9800832097 /* SimulateViewController.swift */ = {isa = PBXFileReference; lastKnownFileType = sourcecode.swift; path = SimulateViewController.swift; sourceTree = "<group>"; };
		5D88CBAF27BCD358002EC0AE /* Match.swift */ = {isa = PBXFileReference; lastKnownFileType = sourcecode.swift; path = Match.swift; sourceTree = "<group>"; };
		5D88CBB127BCD3FF002EC0AE /* Winners.swift */ = {isa = PBXFileReference; lastKnownFileType = sourcecode.swift; path = Winners.swift; sourceTree = "<group>"; };
		5D88CBB327BCDD43002EC0AE /* MatchViewModel.swift */ = {isa = PBXFileReference; lastKnownFileType = sourcecode.swift; path = MatchViewModel.swift; sourceTree = "<group>"; };
		5D88CBB727BCE0FF002EC0AE /* MatchCell.swift */ = {isa = PBXFileReference; lastKnownFileType = sourcecode.swift; path = MatchCell.swift; sourceTree = "<group>"; };
		5D88CBB827BCE0FF002EC0AE /* MatchCell.xib */ = {isa = PBXFileReference; lastKnownFileType = file.xib; path = MatchCell.xib; sourceTree = "<group>"; };
		5D88CBBB27BD4B6A002EC0AE /* ResultViewController.swift */ = {isa = PBXFileReference; lastKnownFileType = sourcecode.swift; path = ResultViewController.swift; sourceTree = "<group>"; };
		5D88CBBD27BD73F9002EC0AE /* ResultCell.swift */ = {isa = PBXFileReference; lastKnownFileType = sourcecode.swift; path = ResultCell.swift; sourceTree = "<group>"; };
		5D88CBBE27BD73F9002EC0AE /* ResultCell.xib */ = {isa = PBXFileReference; lastKnownFileType = file.xib; path = ResultCell.xib; sourceTree = "<group>"; };
/* End PBXFileReference section */

/* Begin PBXFrameworksBuildPhase section */
		5D657E3027BBBF0500832097 /* Frameworks */ = {
			isa = PBXFrameworksBuildPhase;
			buildActionMask = 2147483647;
			files = (
			);
			runOnlyForDeploymentPostprocessing = 0;
		};
/* End PBXFrameworksBuildPhase section */

/* Begin PBXGroup section */
		5D657E2A27BBBF0500832097 = {
			isa = PBXGroup;
			children = (
				5D657E3527BBBF0500832097 /* IPL */,
				5D657E3427BBBF0500832097 /* Products */,
			);
			sourceTree = "<group>";
		};
		5D657E3427BBBF0500832097 /* Products */ = {
			isa = PBXGroup;
			children = (
				5D657E3327BBBF0500832097 /* IPL.app */,
			);
			name = Products;
			sourceTree = "<group>";
		};
		5D657E3527BBBF0500832097 /* IPL */ = {
			isa = PBXGroup;
			children = (
				5D657E4A27BBC01600832097 /* Model */,
				5D657E4B27BBC01B00832097 /* View */,
				5D657E4C27BBC03100832097 /* ViewModel */,
				5D657E3627BBBF0500832097 /* AppDelegate.swift */,
				5D657E3827BBBF0500832097 /* SceneDelegate.swift */,
				5D657E3C27BBBF0500832097 /* Main.storyboard */,
				5D657E3F27BBBF0800832097 /* Assets.xcassets */,
				5D657E4127BBBF0800832097 /* LaunchScreen.storyboard */,
				5D657E4427BBBF0800832097 /* Info.plist */,
				5D657E6227BC332300832097 /* Utils.swift */,
			);
			path = IPL;
			sourceTree = "<group>";
		};
		5D657E4A27BBC01600832097 /* Model */ = {
			isa = PBXGroup;
			children = (
				5D657E5727BC122D00832097 /* Data */,
				5D657E4D27BBC79700832097 /* IPL.xcdatamodeld */,
				5D657E5027BC02BE00832097 /* CoreDataManager.swift */,
				5D88CBAF27BCD358002EC0AE /* Match.swift */,
				5D88CBB127BCD3FF002EC0AE /* Winners.swift */,
			);
			path = Model;
			sourceTree = "<group>";
		};
		5D657E4B27BBC01B00832097 /* View */ = {
			isa = PBXGroup;
			children = (
				5D657E5D27BC255400832097 /* Cells */,
				5D657E5827BC194F00832097 /* ViewController */,
			);
			path = View;
			sourceTree = "<group>";
		};
		5D657E4C27BBC03100832097 /* ViewModel */ = {
			isa = PBXGroup;
			children = (
				5D657E5B27BC1C1300832097 /* TeamsViewModel.swift */,
				5D88CBB327BCDD43002EC0AE /* MatchViewModel.swift */,
			);
			path = ViewModel;
			sourceTree = "<group>";
		};
		5D657E5727BC122D00832097 /* Data */ = {
			isa = PBXGroup;
			children = (
				5D657E5227BC085E00832097 /* teams.json */,
				5D657E5427BC113B00832097 /* TeamData.swift */,
			);
			path = Data;
			sourceTree = "<group>";
		};
		5D657E5827BC194F00832097 /* ViewController */ = {
			isa = PBXGroup;
			children = (
				5D657E5927BC199800832097 /* TeamsViewController.swift */,
				5D657E6427BC3F9800832097 /* SimulateViewController.swift */,
				5D88CBBB27BD4B6A002EC0AE /* ResultViewController.swift */,
			);
			path = ViewController;
			sourceTree = "<group>";
		};
		5D657E5D27BC255400832097 /* Cells */ = {
			isa = PBXGroup;
			children = (
				5D657E5E27BC257900832097 /* TeamCell.swift */,
				5D657E5F27BC257900832097 /* TeamCell.xib */,
				5D88CBB727BCE0FF002EC0AE /* MatchCell.swift */,
				5D88CBB827BCE0FF002EC0AE /* MatchCell.xib */,
				5D88CBBD27BD73F9002EC0AE /* ResultCell.swift */,
				5D88CBBE27BD73F9002EC0AE /* ResultCell.xib */,
			);
			path = Cells;
			sourceTree = "<group>";
		};
/* End PBXGroup section */

/* Begin PBXNativeTarget section */
		5D657E3227BBBF0500832097 /* IPL */ = {
			isa = PBXNativeTarget;
			buildConfigurationList = 5D657E4727BBBF0800832097 /* Build configuration list for PBXNativeTarget "IPL" */;
			buildPhases = (
				5D657E2F27BBBF0500832097 /* Sources */,
				5D657E3027BBBF0500832097 /* Frameworks */,
				5D657E3127BBBF0500832097 /* Resources */,
				5DD32E7E27BE517100BB122F /* ShellScript */,
			);
			buildRules = (
			);
			dependencies = (
			);
			name = IPL;
			productName = IPL;
			productReference = 5D657E3327BBBF0500832097 /* IPL.app */;
			productType = "com.apple.product-type.application";
		};
/* End PBXNativeTarget section */

/* Begin PBXProject section */
		5D657E2B27BBBF0500832097 /* Project object */ = {
			isa = PBXProject;
			attributes = {
				LastSwiftUpdateCheck = 1250;
				LastUpgradeCheck = 1250;
				TargetAttributes = {
					5D657E3227BBBF0500832097 = {
						CreatedOnToolsVersion = 12.5;
					};
				};
			};
			buildConfigurationList = 5D657E2E27BBBF0500832097 /* Build configuration list for PBXProject "IPL" */;
			compatibilityVersion = "Xcode 9.3";
			developmentRegion = en;
			hasScannedForEncodings = 0;
			knownRegions = (
				en,
				Base,
			);
			mainGroup = 5D657E2A27BBBF0500832097;
			productRefGroup = 5D657E3427BBBF0500832097 /* Products */;
			projectDirPath = "";
			projectRoot = "";
			targets = (
				5D657E3227BBBF0500832097 /* IPL */,
			);
		};
/* End PBXProject section */

/* Begin PBXResourcesBuildPhase section */
		5D657E3127BBBF0500832097 /* Resources */ = {
			isa = PBXResourcesBuildPhase;
			buildActionMask = 2147483647;
			files = (
				5D657E5327BC085E00832097 /* teams.json in Resources */,
				5D657E6127BC257900832097 /* TeamCell.xib in Resources */,
				5D88CBC027BD73F9002EC0AE /* ResultCell.xib in Resources */,
				5D657E4327BBBF0800832097 /* LaunchScreen.storyboard in Resources */,
				5D88CBBA27BCE0FF002EC0AE /* MatchCell.xib in Resources */,
				5D657E4027BBBF0800832097 /* Assets.xcassets in Resources */,
				5D657E3E27BBBF0500832097 /* Main.storyboard in Resources */,
			);
			runOnlyForDeploymentPostprocessing = 0;
		};
/* End PBXResourcesBuildPhase section */

/* Begin PBXShellScriptBuildPhase section */
		5DD32E7E27BE517100BB122F /* ShellScript */ = {
			isa = PBXShellScriptBuildPhase;
			buildActionMask = 2147483647;
			files = (
			);
			inputFileListPaths = (
			);
			inputPaths = (
			);
			outputFileListPaths = (
			);
			outputPaths = (
			);
			runOnlyForDeploymentPostprocessing = 0;
			shellPath = /bin/sh;
			shellScript = "export PATH=\"$PATH:/opt/homebrew/bin\"\n\nif which swiftlint >/dev/null; then\n  swiftlint\nelse\n  echo \"warning: SwiftLint not installed, download from https://github.com/realm/SwiftLint\"\nfi\n";
		};
/* End PBXShellScriptBuildPhase section */

/* Begin PBXSourcesBuildPhase section */
		5D657E2F27BBBF0500832097 /* Sources */ = {
			isa = PBXSourcesBuildPhase;
			buildActionMask = 2147483647;
			files = (
				5D657E6027BC257900832097 /* TeamCell.swift in Sources */,
				5D657E3727BBBF0500832097 /* AppDelegate.swift in Sources */,
				5D657E6327BC332300832097 /* Utils.swift in Sources */,
				5D657E5C27BC1C1300832097 /* TeamsViewModel.swift in Sources */,
				5D657E5A27BC199800832097 /* TeamsViewController.swift in Sources */,
				5D88CBBC27BD4B6A002EC0AE /* ResultViewController.swift in Sources */,
				5D657E4F27BBC79700832097 /* IPL.xcdatamodeld in Sources */,
				5D88CBB427BCDD43002EC0AE /* MatchViewModel.swift in Sources */,
				5D657E5127BC02BE00832097 /* CoreDataManager.swift in Sources */,
				5D657E5527BC113B00832097 /* TeamData.swift in Sources */,
				5D88CBBF27BD73F9002EC0AE /* ResultCell.swift in Sources */,
				5D88CBB027BCD358002EC0AE /* Match.swift in Sources */,
				5D657E6527BC3F9800832097 /* SimulateViewController.swift in Sources */,
				5D88CBB927BCE0FF002EC0AE /* MatchCell.swift in Sources */,
				5D88CBB227BCD3FF002EC0AE /* Winners.swift in Sources */,
				5D657E3927BBBF0500832097 /* SceneDelegate.swift in Sources */,
			);
			runOnlyForDeploymentPostprocessing = 0;
		};
/* End PBXSourcesBuildPhase section */

/* Begin PBXVariantGroup section */
		5D657E3C27BBBF0500832097 /* Main.storyboard */ = {
			isa = PBXVariantGroup;
			children = (
				5D657E3D27BBBF0500832097 /* Base */,
			);
			name = Main.storyboard;
			sourceTree = "<group>";
		};
		5D657E4127BBBF0800832097 /* LaunchScreen.storyboard */ = {
			isa = PBXVariantGroup;
			children = (
				5D657E4227BBBF0800832097 /* Base */,
			);
			name = LaunchScreen.storyboard;
			sourceTree = "<group>";
		};
/* End PBXVariantGroup section */

/* Begin XCBuildConfiguration section */
		5D657E4527BBBF0800832097 /* Debug */ = {
			isa = XCBuildConfiguration;
			buildSettings = {
				ALWAYS_SEARCH_USER_PATHS = NO;
				CLANG_ANALYZER_NONNULL = YES;
				CLANG_ANALYZER_NUMBER_OBJECT_CONVERSION = YES_AGGRESSIVE;
				CLANG_CXX_LANGUAGE_STANDARD = "gnu++14";
				CLANG_CXX_LIBRARY = "libc++";
				CLANG_ENABLE_MODULES = YES;
				CLANG_ENABLE_OBJC_ARC = YES;
				CLANG_ENABLE_OBJC_WEAK = YES;
				CLANG_WARN_BLOCK_CAPTURE_AUTORELEASING = YES;
				CLANG_WARN_BOOL_CONVERSION = YES;
				CLANG_WARN_COMMA = YES;
				CLANG_WARN_CONSTANT_CONVERSION = YES;
				CLANG_WARN_DEPRECATED_OBJC_IMPLEMENTATIONS = YES;
				CLANG_WARN_DIRECT_OBJC_ISA_USAGE = YES_ERROR;
				CLANG_WARN_DOCUMENTATION_COMMENTS = YES;
				CLANG_WARN_EMPTY_BODY = YES;
				CLANG_WARN_ENUM_CONVERSION = YES;
				CLANG_WARN_INFINITE_RECURSION = YES;
				CLANG_WARN_INT_CONVERSION = YES;
				CLANG_WARN_NON_LITERAL_NULL_CONVERSION = YES;
				CLANG_WARN_OBJC_IMPLICIT_RETAIN_SELF = YES;
				CLANG_WARN_OBJC_LITERAL_CONVERSION = YES;
				CLANG_WARN_OBJC_ROOT_CLASS = YES_ERROR;
				CLANG_WARN_QUOTED_INCLUDE_IN_FRAMEWORK_HEADER = YES;
				CLANG_WARN_RANGE_LOOP_ANALYSIS = YES;
				CLANG_WARN_STRICT_PROTOTYPES = YES;
				CLANG_WARN_SUSPICIOUS_MOVE = YES;
				CLANG_WARN_UNGUARDED_AVAILABILITY = YES_AGGRESSIVE;
				CLANG_WARN_UNREACHABLE_CODE = YES;
				CLANG_WARN__DUPLICATE_METHOD_MATCH = YES;
				COPY_PHASE_STRIP = NO;
				DEBUG_INFORMATION_FORMAT = dwarf;
				ENABLE_STRICT_OBJC_MSGSEND = YES;
				ENABLE_TESTABILITY = YES;
				GCC_C_LANGUAGE_STANDARD = gnu11;
				GCC_DYNAMIC_NO_PIC = NO;
				GCC_NO_COMMON_BLOCKS = YES;
				GCC_OPTIMIZATION_LEVEL = 0;
				GCC_PREPROCESSOR_DEFINITIONS = (
					"DEBUG=1",
					"$(inherited)",
				);
				GCC_WARN_64_TO_32_BIT_CONVERSION = YES;
				GCC_WARN_ABOUT_RETURN_TYPE = YES_ERROR;
				GCC_WARN_UNDECLARED_SELECTOR = YES;
				GCC_WARN_UNINITIALIZED_AUTOS = YES_AGGRESSIVE;
				GCC_WARN_UNUSED_FUNCTION = YES;
				GCC_WARN_UNUSED_VARIABLE = YES;
				IPHONEOS_DEPLOYMENT_TARGET = 13.0;
				MTL_ENABLE_DEBUG_INFO = INCLUDE_SOURCE;
				MTL_FAST_MATH = YES;
				ONLY_ACTIVE_ARCH = YES;
				SDKROOT = iphoneos;
				SWIFT_ACTIVE_COMPILATION_CONDITIONS = DEBUG;
				SWIFT_OPTIMIZATION_LEVEL = "-Onone";
			};
			name = Debug;
		};
		5D657E4627BBBF0800832097 /* Release */ = {
			isa = XCBuildConfiguration;
			buildSettings = {
				ALWAYS_SEARCH_USER_PATHS = NO;
				CLANG_ANALYZER_NONNULL = YES;
				CLANG_ANALYZER_NUMBER_OBJECT_CONVERSION = YES_AGGRESSIVE;
				CLANG_CXX_LANGUAGE_STANDARD = "gnu++14";
				CLANG_CXX_LIBRARY = "libc++";
				CLANG_ENABLE_MODULES = YES;
				CLANG_ENABLE_OBJC_ARC = YES;
				CLANG_ENABLE_OBJC_WEAK = YES;
				CLANG_WARN_BLOCK_CAPTURE_AUTORELEASING = YES;
				CLANG_WARN_BOOL_CONVERSION = YES;
				CLANG_WARN_COMMA = YES;
				CLANG_WARN_CONSTANT_CONVERSION = YES;
				CLANG_WARN_DEPRECATED_OBJC_IMPLEMENTATIONS = YES;
				CLANG_WARN_DIRECT_OBJC_ISA_USAGE = YES_ERROR;
				CLANG_WARN_DOCUMENTATION_COMMENTS = YES;
				CLANG_WARN_EMPTY_BODY = YES;
				CLANG_WARN_ENUM_CONVERSION = YES;
				CLANG_WARN_INFINITE_RECURSION = YES;
				CLANG_WARN_INT_CONVERSION = YES;
				CLANG_WARN_NON_LITERAL_NULL_CONVERSION = YES;
				CLANG_WARN_OBJC_IMPLICIT_RETAIN_SELF = YES;
				CLANG_WARN_OBJC_LITERAL_CONVERSION = YES;
				CLANG_WARN_OBJC_ROOT_CLASS = YES_ERROR;
				CLANG_WARN_QUOTED_INCLUDE_IN_FRAMEWORK_HEADER = YES;
				CLANG_WARN_RANGE_LOOP_ANALYSIS = YES;
				CLANG_WARN_STRICT_PROTOTYPES = YES;
				CLANG_WARN_SUSPICIOUS_MOVE = YES;
				CLANG_WARN_UNGUARDED_AVAILABILITY = YES_AGGRESSIVE;
				CLANG_WARN_UNREACHABLE_CODE = YES;
				CLANG_WARN__DUPLICATE_METHOD_MATCH = YES;
				COPY_PHASE_STRIP = NO;
				DEBUG_INFORMATION_FORMAT = "dwarf-with-dsym";
				ENABLE_NS_ASSERTIONS = NO;
				ENABLE_STRICT_OBJC_MSGSEND = YES;
				GCC_C_LANGUAGE_STANDARD = gnu11;
				GCC_NO_COMMON_BLOCKS = YES;
				GCC_WARN_64_TO_32_BIT_CONVERSION = YES;
				GCC_WARN_ABOUT_RETURN_TYPE = YES_ERROR;
				GCC_WARN_UNDECLARED_SELECTOR = YES;
				GCC_WARN_UNINITIALIZED_AUTOS = YES_AGGRESSIVE;
				GCC_WARN_UNUSED_FUNCTION = YES;
				GCC_WARN_UNUSED_VARIABLE = YES;
				IPHONEOS_DEPLOYMENT_TARGET = 13.0;
				MTL_ENABLE_DEBUG_INFO = NO;
				MTL_FAST_MATH = YES;
				SDKROOT = iphoneos;
				SWIFT_COMPILATION_MODE = wholemodule;
				SWIFT_OPTIMIZATION_LEVEL = "-O";
				VALIDATE_PRODUCT = YES;
			};
			name = Release;
		};
		5D657E4827BBBF0800832097 /* Debug */ = {
			isa = XCBuildConfiguration;
			buildSettings = {
				ASSETCATALOG_COMPILER_APPICON_NAME = AppIcon;
				ASSETCATALOG_COMPILER_GLOBAL_ACCENT_COLOR_NAME = AccentColor;
				CODE_SIGN_STYLE = Automatic;
				DEVELOPMENT_TEAM = 58ZF499A75;
				INFOPLIST_FILE = IPL/Info.plist;
				LD_RUNPATH_SEARCH_PATHS = (
					"$(inherited)",
					"@executable_path/Frameworks",
				);
				PRODUCT_BUNDLE_IDENTIFIER = com.jithinsyamms.ipl.IPL;
				PRODUCT_NAME = "$(TARGET_NAME)";
				SWIFT_VERSION = 5.0;
				TARGETED_DEVICE_FAMILY = "1,2";
			};
			name = Debug;
		};
		5D657E4927BBBF0800832097 /* Release */ = {
			isa = XCBuildConfiguration;
			buildSettings = {
				ASSETCATALOG_COMPILER_APPICON_NAME = AppIcon;
				ASSETCATALOG_COMPILER_GLOBAL_ACCENT_COLOR_NAME = AccentColor;
				CODE_SIGN_STYLE = Automatic;
				DEVELOPMENT_TEAM = 58ZF499A75;
				INFOPLIST_FILE = IPL/Info.plist;
				LD_RUNPATH_SEARCH_PATHS = (
					"$(inherited)",
					"@executable_path/Frameworks",
				);
				PRODUCT_BUNDLE_IDENTIFIER = com.jithinsyamms.ipl.IPL;
				PRODUCT_NAME = "$(TARGET_NAME)";
				SWIFT_VERSION = 5.0;
				TARGETED_DEVICE_FAMILY = "1,2";
			};
			name = Release;
		};
/* End XCBuildConfiguration section */

/* Begin XCConfigurationList section */
		5D657E2E27BBBF0500832097 /* Build configuration list for PBXProject "IPL" */ = {
			isa = XCConfigurationList;
			buildConfigurations = (
				5D657E4527BBBF0800832097 /* Debug */,
				5D657E4627BBBF0800832097 /* Release */,
			);
			defaultConfigurationIsVisible = 0;
			defaultConfigurationName = Release;
		};
		5D657E4727BBBF0800832097 /* Build configuration list for PBXNativeTarget "IPL" */ = {
			isa = XCConfigurationList;
			buildConfigurations = (
				5D657E4827BBBF0800832097 /* Debug */,
				5D657E4927BBBF0800832097 /* Release */,
			);
			defaultConfigurationIsVisible = 0;
			defaultConfigurationName = Release;
		};
/* End XCConfigurationList section */

/* Begin XCVersionGroup section */
		5D657E4D27BBC79700832097 /* IPL.xcdatamodeld */ = {
			isa = XCVersionGroup;
			children = (
				5D657E4E27BBC79700832097 /* IPL.xcdatamodel */,
			);
			currentVersion = 5D657E4E27BBC79700832097 /* IPL.xcdatamodel */;
			path = IPL.xcdatamodeld;
			sourceTree = "<group>";
			versionGroupType = wrapper.xcdatamodel;
		};
/* End XCVersionGroup section */
	};
	rootObject = 5D657E2B27BBBF0500832097 /* Project object */;
}
